
Microsoft Visual Studio Solution File, Format Version 12.00
# Visual Studio Version 16
VisualStudioVersion = 16.0.30226.3
MinimumVisualStudioVersion = 10.0.40219.1
Project("{FAE04EC0-301F-11D3-BF4B-00C04F79EFBC}") = "MSBuildBinLogSummary", "MSBuildBinLogSummary\MSBuildBinLogSummary.csproj", "{1852321D-3237-4462-8CE2-74C3E2CE1394}"
EndProject
Global
	GlobalSection(SolutionConfigurationPlatforms) = preSolution
		Debug|Any CPU = Debug|Any CPU
		Release|Any CPU = Release|Any CPU
	EndGlobalSection
	GlobalSection(ProjectConfigurationPlatforms) = postSolution
		{1852321D-3237-4462-8CE2-74C3E2CE1394}.Debug|Any CPU.ActiveCfg = Debug|Any CPU
		{1852321D-3237-4462-8CE2-74C3E2CE1394}.Debug|Any CPU.Build.0 = Debug|Any CPU
		{1852321D-3237-4462-8CE2-74C3E2CE1394}.Release|Any CPU.ActiveCfg = Release|Any CPU
		{1852321D-3237-4462-8CE2-74C3E2CE1394}.Release|Any CPU.Build.0 = Release|Any CPU
	EndGlobalSection
	GlobalSection(SolutionProperties) = preSolution
		HideSolutionNode = FALSE
	EndGlobalSection
	GlobalSection(ExtensibilityGlobals) = postSolution
		SolutionGuid = {7EE5F2B7-4244-48D0-87FD-ECC4A6D2A468}
	EndGlobalSection
EndGlobal
